
Microsoft Visual Studio Solution File, Format Version 12.00
# Visual Studio Version 16
VisualStudioVersion = 16.0.31205.134
MinimumVisualStudioVersion = 10.0.40219.1
Project("{FAE04EC0-301F-11D3-BF4B-00C04F79EFBC}") = "MHP.API", "src\MHP.API\MHP.API.csproj", "{AA49205D-BB22-49AD-9B0A-D68DB0DE588D}"
EndProject
Global
	GlobalSection(SolutionConfigurationPlatforms) = preSolution
		Debug|Any CPU = Debug|Any CPU
		Release|Any CPU = Release|Any CPU
	EndGlobalSection
	GlobalSection(ProjectConfigurationPlatforms) = postSolution
		{AA49205D-BB22-49AD-9B0A-D68DB0DE588D}.Debug|Any CPU.ActiveCfg = Debug|Any CPU
		{AA49205D-BB22-49AD-9B0A-D68DB0DE588D}.Debug|Any CPU.Build.0 = Debug|Any CPU
		{AA49205D-BB22-49AD-9B0A-D68DB0DE588D}.Release|Any CPU.ActiveCfg = Release|Any CPU
		{AA49205D-BB22-49AD-9B0A-D68DB0DE588D}.Release|Any CPU.Build.0 = Release|Any CPU
	EndGlobalSection
	GlobalSection(SolutionProperties) = preSolution
		HideSolutionNode = FALSE
	EndGlobalSection
	GlobalSection(ExtensibilityGlobals) = postSolution
		SolutionGuid = {54A9CF0C-D0DD-4C0E-910D-55032797D7E7}
	EndGlobalSection
EndGlobal
